// !$*UTF8*$!
{
	archiveVersion = 1;
	classes = {
	};
	objectVersion = 77;
	objects = {

/* Begin PBXBuildFile section */
		03E130BB9F38D88817056AF6 /* AuthView.swift in Sources */ = {isa = PBXBuildFile; fileRef = E56F35DEEAD82386C5C75BC1 /* AuthView.swift */; };
		065D7174B099E178BD421F1B /* ClaudeAPIKeyStore.swift in Sources */ = {isa = PBXBuildFile; fileRef = 3FB7454DFC4D7B042BE30E17 /* ClaudeAPIKeyStore.swift */; };
		0A3A54474D1FA9E0C6BFEBF3 /* Secrets.swift in Sources */ = {isa = PBXBuildFile; fileRef = 8B7C741AFE1A6A2397DF5AC9 /* Secrets.swift */; };
		0B607032280E8113A091B523 /* FirebaseService.swift in Sources */ = {isa = PBXBuildFile; fileRef = 16646A1023122EBC706EABC7 /* FirebaseService.swift */; };
		10F1EFB82DF433D27B54FB6F /* ClaudeAPIKeyPolicy.swift in Sources */ = {isa = PBXBuildFile; fileRef = 3EF40470D6E859EE45EFDD4F /* ClaudeAPIKeyPolicy.swift */; };
		125E93146668C804789616AC /* FirebaseFirestore in Frameworks */ = {isa = PBXBuildFile; productRef = DA51F78CDA223F442310C97E /* FirebaseFirestore */; };
		23AFFB2A85D810B968B5BA6C /* User.swift in Sources */ = {isa = PBXBuildFile; fileRef = EB9F85ADB803F2E8BD6CE9B0 /* User.swift */; };
		256C021515E47FB89AAA6730 /* MockData.swift in Sources */ = {isa = PBXBuildFile; fileRef = F30C17E39DFC01737FB1863C /* MockData.swift */; };
		34A705208E7733CD63D98652 /* ProfileView.swift in Sources */ = {isa = PBXBuildFile; fileRef = 019C84D48F4FC616F5AF2ADB /* ProfileView.swift */; };
		3D3BC8D0441E46F22BF78769 /* DailyEntryDetailView.swift in Sources */ = {isa = PBXBuildFile; fileRef = B3D2C10188B8CC024BE5C851 /* DailyEntryDetailView.swift */; };
		47E662DD6D47D218E3FB64C2 /* YellMeApp.swift in Sources */ = {isa = PBXBuildFile; fileRef = 1312DF664D9B76E05D3DA45F /* YellMeApp.swift */; };
		49F286DDB8F95E826DC18617 /* HistoryView.swift in Sources */ = {isa = PBXBuildFile; fileRef = 6EF45275C9D57C606E71D435 /* HistoryView.swift */; };
		6A6155AC11238C1E152E87E9 /* FeedbackModels.swift in Sources */ = {isa = PBXBuildFile; fileRef = 74EDF14BF54FF5CF45A34FF4 /* FeedbackModels.swift */; };
		7C1E46A4E62E57E9AD5FA140 /* DailyJournalStore.swift in Sources */ = {isa = PBXBuildFile; fileRef = 7573798927344627E2C69A6A /* DailyJournalStore.swift */; };
		7E45309E809923D4308CE585 /* FirebaseAuth in Frameworks */ = {isa = PBXBuildFile; productRef = 3E5504765B575A14351AE5DF /* FirebaseAuth */; };
		872178F872F434CB6EDEEB8B /* DailyJournalStoreTests.swift in Sources */ = {isa = PBXBuildFile; fileRef = A0ECF4FDAF7D147DD7AC1897 /* DailyJournalStoreTests.swift */; };
		88307F5034A29AE5245ECB5B /* AuthService.swift in Sources */ = {isa = PBXBuildFile; fileRef = 9D1DD5F3A79AAFBC75E27DCE /* AuthService.swift */; };
		A7D1665CE2FCC5B4ABDC2CBD /* FeedbackComponents.swift in Sources */ = {isa = PBXBuildFile; fileRef = 58D85BCBB90A91F2184A8D4A /* FeedbackComponents.swift */; };
		B480107A721362883C50B8C3 /* SubscriptionPlan.swift in Sources */ = {isa = PBXBuildFile; fileRef = E457000C2B7E480D511C87F5 /* SubscriptionPlan.swift */; };
		B667DBACE44BEC688D2268E5 /* DailyJournalModels.swift in Sources */ = {isa = PBXBuildFile; fileRef = 2B5085EA5101E075126D1308 /* DailyJournalModels.swift */; };
		CD457B404000616D58E16301 /* ClaudeService.swift in Sources */ = {isa = PBXBuildFile; fileRef = 9673DB0DC5327B2B0A13ED9E /* ClaudeService.swift */; };
		DD23BCB489741FB2CCB74917 /* HomeView.swift in Sources */ = {isa = PBXBuildFile; fileRef = BF36484C92F998EAAAFE2B39 /* HomeView.swift */; };
		DEE094F79896D8D376279F4F /* ContentView.swift in Sources */ = {isa = PBXBuildFile; fileRef = B420EFECB63314C20D8731DC /* ContentView.swift */; };
		E287168C59D54BCAFD190D42 /* OnboardingView.swift in Sources */ = {isa = PBXBuildFile; fileRef = 6A29A6D6099B837804BC0CE0 /* OnboardingView.swift */; };
		E90412F4253FF291858E9D6F /* StoreKitService.swift in Sources */ = {isa = PBXBuildFile; fileRef = E4D7EAC86B60170F985BA1B3 /* StoreKitService.swift */; };
/* End PBXBuildFile section */

/* Begin PBXContainerItemProxy section */
		FB892BB7BFFBC22330A38792 /* PBXContainerItemProxy */ = {
			isa = PBXContainerItemProxy;
			containerPortal = 623220ED5CA0BC3FB59588E7 /* Project object */;
			proxyType = 1;
			remoteGlobalIDString = CB9570B05A2A36EC12CD8F61;
			remoteInfo = YellMe;
		};
/* End PBXContainerItemProxy section */

/* Begin PBXFileReference section */
		019C84D48F4FC616F5AF2ADB /* ProfileView.swift */ = {isa = PBXFileReference; lastKnownFileType = sourcecode.swift; path = ProfileView.swift; sourceTree = "<group>"; };
		1312DF664D9B76E05D3DA45F /* YellMeApp.swift */ = {isa = PBXFileReference; lastKnownFileType = sourcecode.swift; path = YellMeApp.swift; sourceTree = "<group>"; };
		16646A1023122EBC706EABC7 /* FirebaseService.swift */ = {isa = PBXFileReference; lastKnownFileType = sourcecode.swift; path = FirebaseService.swift; sourceTree = "<group>"; };
		2B5085EA5101E075126D1308 /* DailyJournalModels.swift */ = {isa = PBXFileReference; lastKnownFileType = sourcecode.swift; path = DailyJournalModels.swift; sourceTree = "<group>"; };
		3EF40470D6E859EE45EFDD4F /* ClaudeAPIKeyPolicy.swift */ = {isa = PBXFileReference; lastKnownFileType = sourcecode.swift; path = ClaudeAPIKeyPolicy.swift; sourceTree = "<group>"; };
		3FB7454DFC4D7B042BE30E17 /* ClaudeAPIKeyStore.swift */ = {isa = PBXFileReference; lastKnownFileType = sourcecode.swift; path = ClaudeAPIKeyStore.swift; sourceTree = "<group>"; };
		524568A496AA882B528047A5 /* YellMe.app */ = {isa = PBXFileReference; includeInIndex = 0; lastKnownFileType = wrapper.application; path = YellMe.app; sourceTree = BUILT_PRODUCTS_DIR; };
		58D85BCBB90A91F2184A8D4A /* FeedbackComponents.swift */ = {isa = PBXFileReference; lastKnownFileType = sourcecode.swift; path = FeedbackComponents.swift; sourceTree = "<group>"; };
		6A29A6D6099B837804BC0CE0 /* OnboardingView.swift */ = {isa = PBXFileReference; lastKnownFileType = sourcecode.swift; path = OnboardingView.swift; sourceTree = "<group>"; };
		6EF45275C9D57C606E71D435 /* HistoryView.swift */ = {isa = PBXFileReference; lastKnownFileType = sourcecode.swift; path = HistoryView.swift; sourceTree = "<group>"; };
		7441D108B4CF8703A306A822 /* Info.plist */ = {isa = PBXFileReference; lastKnownFileType = text.plist; path = Info.plist; sourceTree = "<group>"; };
		74EDF14BF54FF5CF45A34FF4 /* FeedbackModels.swift */ = {isa = PBXFileReference; lastKnownFileType = sourcecode.swift; path = FeedbackModels.swift; sourceTree = "<group>"; };
		7573798927344627E2C69A6A /* DailyJournalStore.swift */ = {isa = PBXFileReference; lastKnownFileType = sourcecode.swift; path = DailyJournalStore.swift; sourceTree = "<group>"; };
		8B7C741AFE1A6A2397DF5AC9 /* Secrets.swift */ = {isa = PBXFileReference; lastKnownFileType = sourcecode.swift; path = Secrets.swift; sourceTree = "<group>"; };
		9673DB0DC5327B2B0A13ED9E /* ClaudeService.swift */ = {isa = PBXFileReference; lastKnownFileType = sourcecode.swift; path = ClaudeService.swift; sourceTree = "<group>"; };
		9D1DD5F3A79AAFBC75E27DCE /* AuthService.swift */ = {isa = PBXFileReference; lastKnownFileType = sourcecode.swift; path = AuthService.swift; sourceTree = "<group>"; };
		A0ECF4FDAF7D147DD7AC1897 /* DailyJournalStoreTests.swift */ = {isa = PBXFileReference; lastKnownFileType = sourcecode.swift; path = DailyJournalStoreTests.swift; sourceTree = "<group>"; };
		B3D2C10188B8CC024BE5C851 /* DailyEntryDetailView.swift */ = {isa = PBXFileReference; lastKnownFileType = sourcecode.swift; path = DailyEntryDetailView.swift; sourceTree = "<group>"; };
		B420EFECB63314C20D8731DC /* ContentView.swift */ = {isa = PBXFileReference; lastKnownFileType = sourcecode.swift; path = ContentView.swift; sourceTree = "<group>"; };
		BF36484C92F998EAAAFE2B39 /* HomeView.swift */ = {isa = PBXFileReference; lastKnownFileType = sourcecode.swift; path = HomeView.swift; sourceTree = "<group>"; };
		E457000C2B7E480D511C87F5 /* SubscriptionPlan.swift */ = {isa = PBXFileReference; lastKnownFileType = sourcecode.swift; path = SubscriptionPlan.swift; sourceTree = "<group>"; };
		E4D7EAC86B60170F985BA1B3 /* StoreKitService.swift */ = {isa = PBXFileReference; lastKnownFileType = sourcecode.swift; path = StoreKitService.swift; sourceTree = "<group>"; };
		E56F35DEEAD82386C5C75BC1 /* AuthView.swift */ = {isa = PBXFileReference; lastKnownFileType = sourcecode.swift; path = AuthView.swift; sourceTree = "<group>"; };
		EB9F85ADB803F2E8BD6CE9B0 /* User.swift */ = {isa = PBXFileReference; lastKnownFileType = sourcecode.swift; path = User.swift; sourceTree = "<group>"; };
		F30C17E39DFC01737FB1863C /* MockData.swift */ = {isa = PBXFileReference; lastKnownFileType = sourcecode.swift; path = MockData.swift; sourceTree = "<group>"; };
		FE64D150667FFD7AA185D257 /* YellMeTests.xctest */ = {isa = PBXFileReference; includeInIndex = 0; lastKnownFileType = wrapper.cfbundle; path = YellMeTests.xctest; sourceTree = BUILT_PRODUCTS_DIR; };
/* End PBXFileReference section */

/* Begin PBXFrameworksBuildPhase section */
		E34F3AA4CE2A38F912D5E02A /* Frameworks */ = {
			isa = PBXFrameworksBuildPhase;
			buildActionMask = 2147483647;
			files = (
				7E45309E809923D4308CE585 /* FirebaseAuth in Frameworks */,
				125E93146668C804789616AC /* FirebaseFirestore in Frameworks */,
			);
			runOnlyForDeploymentPostprocessing = 0;
		};
/* End PBXFrameworksBuildPhase section */

/* Begin PBXGroup section */
		0128497749C3559A8174A663 /* Onboarding */ = {
			isa = PBXGroup;
			children = (
				6A29A6D6099B837804BC0CE0 /* OnboardingView.swift */,
			);
			path = Onboarding;
			sourceTree = "<group>";
		};
		3B6606846181B0C2E0665FC4 = {
			isa = PBXGroup;
			children = (
				71E756A214FC409E18298F41 /* Sources */,
				92299117A5D5C3748DC0DD79 /* Tests */,
				4EAA73420E0BDDC5C375224F /* Products */,
			);
			sourceTree = "<group>";
		};
		42F17FFA53FCAE03443EBDEB /* Profile */ = {
			isa = PBXGroup;
			children = (
				019C84D48F4FC616F5AF2ADB /* ProfileView.swift */,
			);
			path = Profile;
			sourceTree = "<group>";
		};
		4EAA73420E0BDDC5C375224F /* Products */ = {
			isa = PBXGroup;
			children = (
				524568A496AA882B528047A5 /* YellMe.app */,
				FE64D150667FFD7AA185D257 /* YellMeTests.xctest */,
			);
			name = Products;
			sourceTree = "<group>";
		};
		5B6B419E189F110853A46FFC /* App */ = {
			isa = PBXGroup;
			children = (
				B420EFECB63314C20D8731DC /* ContentView.swift */,
				1312DF664D9B76E05D3DA45F /* YellMeApp.swift */,
			);
			path = App;
			sourceTree = "<group>";
		};
		71E756A214FC409E18298F41 /* Sources */ = {
			isa = PBXGroup;
			children = (
				7441D108B4CF8703A306A822 /* Info.plist */,
				5B6B419E189F110853A46FFC /* App */,
				F2A9F727F2A77E6B87D66FA2 /* Core */,
				BFB6A1D1C206C8A66AFC2B80 /* Features */,
			);
			path = Sources;
			sourceTree = "<group>";
		};
		92299117A5D5C3748DC0DD79 /* Tests */ = {
			isa = PBXGroup;
			children = (
				A0ECF4FDAF7D147DD7AC1897 /* DailyJournalStoreTests.swift */,
			);
			path = Tests;
			sourceTree = "<group>";
		};
		B175DBD479B1190231F5A0B2 /* History */ = {
			isa = PBXGroup;
			children = (
				B3D2C10188B8CC024BE5C851 /* DailyEntryDetailView.swift */,
				6EF45275C9D57C606E71D435 /* HistoryView.swift */,
			);
			path = History;
			sourceTree = "<group>";
		};
		B77D964F1EC792726C0B08AF /* Auth */ = {
			isa = PBXGroup;
			children = (
				E56F35DEEAD82386C5C75BC1 /* AuthView.swift */,
			);
			path = Auth;
			sourceTree = "<group>";
		};
		BF618DCE63B5D38E75BFCCFB /* Services */ = {
			isa = PBXGroup;
			children = (
				9D1DD5F3A79AAFBC75E27DCE /* AuthService.swift */,
				3EF40470D6E859EE45EFDD4F /* ClaudeAPIKeyPolicy.swift */,
				3FB7454DFC4D7B042BE30E17 /* ClaudeAPIKeyStore.swift */,
				9673DB0DC5327B2B0A13ED9E /* ClaudeService.swift */,
				7573798927344627E2C69A6A /* DailyJournalStore.swift */,
				16646A1023122EBC706EABC7 /* FirebaseService.swift */,
				8B7C741AFE1A6A2397DF5AC9 /* Secrets.swift */,
				E4D7EAC86B60170F985BA1B3 /* StoreKitService.swift */,
			);
			path = Services;
			sourceTree = "<group>";
		};
		BFB6A1D1C206C8A66AFC2B80 /* Features */ = {
			isa = PBXGroup;
			children = (
				B77D964F1EC792726C0B08AF /* Auth */,
				B175DBD479B1190231F5A0B2 /* History */,
				E6EE4A391A4D5F7B187C66DF /* Home */,
				0128497749C3559A8174A663 /* Onboarding */,
				42F17FFA53FCAE03443EBDEB /* Profile */,
			);
			path = Features;
			sourceTree = "<group>";
		};
		D74C15D43AF9171C39CB5C23 /* Models */ = {
			isa = PBXGroup;
			children = (
				2B5085EA5101E075126D1308 /* DailyJournalModels.swift */,
				74EDF14BF54FF5CF45A34FF4 /* FeedbackModels.swift */,
				F30C17E39DFC01737FB1863C /* MockData.swift */,
				E457000C2B7E480D511C87F5 /* SubscriptionPlan.swift */,
				EB9F85ADB803F2E8BD6CE9B0 /* User.swift */,
			);
			path = Models;
			sourceTree = "<group>";
		};
		E6EE4A391A4D5F7B187C66DF /* Home */ = {
			isa = PBXGroup;
			children = (
				58D85BCBB90A91F2184A8D4A /* FeedbackComponents.swift */,
				BF36484C92F998EAAAFE2B39 /* HomeView.swift */,
			);
			path = Home;
			sourceTree = "<group>";
		};
		F2A9F727F2A77E6B87D66FA2 /* Core */ = {
			isa = PBXGroup;
			children = (
				D74C15D43AF9171C39CB5C23 /* Models */,
				BF618DCE63B5D38E75BFCCFB /* Services */,
			);
			path = Core;
			sourceTree = "<group>";
		};
/* End PBXGroup section */

/* Begin PBXNativeTarget section */
		CB9570B05A2A36EC12CD8F61 /* YellMe */ = {
			isa = PBXNativeTarget;
			buildConfigurationList = E099426A137ACAB0F5DFBD5A /* Build configuration list for PBXNativeTarget "YellMe" */;
			buildPhases = (
				B77F0387F49FBF1FF4AF0D56 /* Sources */,
				E34F3AA4CE2A38F912D5E02A /* Frameworks */,
			);
			buildRules = (
			);
			dependencies = (
			);
			name = YellMe;
			packageProductDependencies = (
				3E5504765B575A14351AE5DF /* FirebaseAuth */,
				DA51F78CDA223F442310C97E /* FirebaseFirestore */,
			);
			productName = YellMe;
			productReference = 524568A496AA882B528047A5 /* YellMe.app */;
			productType = "com.apple.product-type.application";
		};
		F24D5F8F3CA0D3DDF4D907CC /* YellMeTests */ = {
			isa = PBXNativeTarget;
			buildConfigurationList = 0971B923D3FBE097E75E1F22 /* Build configuration list for PBXNativeTarget "YellMeTests" */;
			buildPhases = (
				6E85A53C6D5395251402C3D5 /* Sources */,
			);
			buildRules = (
			);
			dependencies = (
				6969EA23B9EED108B05A0CCB /* PBXTargetDependency */,
			);
			name = YellMeTests;
			packageProductDependencies = (
			);
			productName = YellMeTests;
			productReference = FE64D150667FFD7AA185D257 /* YellMeTests.xctest */;
			productType = "com.apple.product-type.bundle.unit-test";
		};
/* End PBXNativeTarget section */

/* Begin PBXProject section */
		623220ED5CA0BC3FB59588E7 /* Project object */ = {
			isa = PBXProject;
			attributes = {
				BuildIndependentTargetsInParallel = YES;
				LastUpgradeCheck = 1600;
				TargetAttributes = {
					CB9570B05A2A36EC12CD8F61 = {
						DevelopmentTeam = "";
					};
				};
			};
			buildConfigurationList = E22BF5273FA8EAE2F06374F5 /* Build configuration list for PBXProject "YellMe" */;
			developmentRegion = en;
			hasScannedForEncodings = 0;
			knownRegions = (
				Base,
				en,
			);
			mainGroup = 3B6606846181B0C2E0665FC4;
			minimizedProjectReferenceProxies = 1;
			packageReferences = (
				849504D787F7163FC9C46AED /* XCRemoteSwiftPackageReference "firebase-ios-sdk" */,
			);
			preferredProjectObjectVersion = 77;
			productRefGroup = 4EAA73420E0BDDC5C375224F /* Products */;
			projectDirPath = "";
			projectRoot = "";
			targets = (
				CB9570B05A2A36EC12CD8F61 /* YellMe */,
				F24D5F8F3CA0D3DDF4D907CC /* YellMeTests */,
			);
		};
/* End PBXProject section */

/* Begin PBXSourcesBuildPhase section */
		6E85A53C6D5395251402C3D5 /* Sources */ = {
			isa = PBXSourcesBuildPhase;
			buildActionMask = 2147483647;
			files = (
				872178F872F434CB6EDEEB8B /* DailyJournalStoreTests.swift in Sources */,
			);
			runOnlyForDeploymentPostprocessing = 0;
		};
		B77F0387F49FBF1FF4AF0D56 /* Sources */ = {
			isa = PBXSourcesBuildPhase;
			buildActionMask = 2147483647;
			files = (
				88307F5034A29AE5245ECB5B /* AuthService.swift in Sources */,
				03E130BB9F38D88817056AF6 /* AuthView.swift in Sources */,
				10F1EFB82DF433D27B54FB6F /* ClaudeAPIKeyPolicy.swift in Sources */,
				065D7174B099E178BD421F1B /* ClaudeAPIKeyStore.swift in Sources */,
				CD457B404000616D58E16301 /* ClaudeService.swift in Sources */,
				DEE094F79896D8D376279F4F /* ContentView.swift in Sources */,
				3D3BC8D0441E46F22BF78769 /* DailyEntryDetailView.swift in Sources */,
				B667DBACE44BEC688D2268E5 /* DailyJournalModels.swift in Sources */,
				7C1E46A4E62E57E9AD5FA140 /* DailyJournalStore.swift in Sources */,
				A7D1665CE2FCC5B4ABDC2CBD /* FeedbackComponents.swift in Sources */,
				6A6155AC11238C1E152E87E9 /* FeedbackModels.swift in Sources */,
				0B607032280E8113A091B523 /* FirebaseService.swift in Sources */,
				49F286DDB8F95E826DC18617 /* HistoryView.swift in Sources */,
				DD23BCB489741FB2CCB74917 /* HomeView.swift in Sources */,
				256C021515E47FB89AAA6730 /* MockData.swift in Sources */,
				E287168C59D54BCAFD190D42 /* OnboardingView.swift in Sources */,
				34A705208E7733CD63D98652 /* ProfileView.swift in Sources */,
				0A3A54474D1FA9E0C6BFEBF3 /* Secrets.swift in Sources */,
				E90412F4253FF291858E9D6F /* StoreKitService.swift in Sources */,
				B480107A721362883C50B8C3 /* SubscriptionPlan.swift in Sources */,
				23AFFB2A85D810B968B5BA6C /* User.swift in Sources */,
				47E662DD6D47D218E3FB64C2 /* YellMeApp.swift in Sources */,
			);
			runOnlyForDeploymentPostprocessing = 0;
		};
/* End PBXSourcesBuildPhase section */

/* Begin PBXTargetDependency section */
		6969EA23B9EED108B05A0CCB /* PBXTargetDependency */ = {
			isa = PBXTargetDependency;
			target = CB9570B05A2A36EC12CD8F61 /* YellMe */;
			targetProxy = FB892BB7BFFBC22330A38792 /* PBXContainerItemProxy */;
		};
/* End PBXTargetDependency section */

/* Begin XCBuildConfiguration section */
		26D4F750AF71E33C56F1FDC1 /* Debug */ = {
			isa = XCBuildConfiguration;
			buildSettings = {
				ALWAYS_SEARCH_USER_PATHS = NO;
				CLANG_ANALYZER_NONNULL = YES;
				CLANG_ANALYZER_NUMBER_OBJECT_CONVERSION = YES_AGGRESSIVE;
				CLANG_CXX_LANGUAGE_STANDARD = "gnu++14";
				CLANG_CXX_LIBRARY = "libc++";
				CLANG_ENABLE_MODULES = YES;
				CLANG_ENABLE_OBJC_ARC = YES;
				CLANG_ENABLE_OBJC_WEAK = YES;
				CLANG_WARN_BLOCK_CAPTURE_AUTORELEASING = YES;
				CLANG_WARN_BOOL_CONVERSION = YES;
				CLANG_WARN_COMMA = YES;
				CLANG_WARN_CONSTANT_CONVERSION = YES;
				CLANG_WARN_DEPRECATED_OBJC_IMPLEMENTATIONS = YES;
				CLANG_WARN_DIRECT_OBJC_ISA_USAGE = YES_ERROR;
				CLANG_WARN_DOCUMENTATION_COMMENTS = YES;
				CLANG_WARN_EMPTY_BODY = YES;
				CLANG_WARN_ENUM_CONVERSION = YES;
				CLANG_WARN_INFINITE_RECURSION = YES;
				CLANG_WARN_INT_CONVERSION = YES;
				CLANG_WARN_NON_LITERAL_NULL_CONVERSION = YES;
				CLANG_WARN_OBJC_IMPLICIT_RETAIN_SELF = YES;
				CLANG_WARN_OBJC_LITERAL_CONVERSION = YES;
				CLANG_WARN_OBJC_ROOT_CLASS = YES_ERROR;
				CLANG_WARN_QUOTED_INCLUDE_IN_FRAMEWORK_HEADER = YES;
				CLANG_WARN_RANGE_LOOP_ANALYSIS = YES;
				CLANG_WARN_STRICT_PROTOTYPES = YES;
				CLANG_WARN_SUSPICIOUS_MOVE = YES;
				CLANG_WARN_UNGUARDED_AVAILABILITY = YES_AGGRESSIVE;
				CLANG_WARN_UNREACHABLE_CODE = YES;
				CLANG_WARN__DUPLICATE_METHOD_MATCH = YES;
				COPY_PHASE_STRIP = NO;
				CURRENT_PROJECT_VERSION = 1;
				DEBUG_INFORMATION_FORMAT = dwarf;
				ENABLE_STRICT_OBJC_MSGSEND = YES;
				ENABLE_TESTABILITY = YES;
				GCC_C_LANGUAGE_STANDARD = gnu11;
				GCC_DYNAMIC_NO_PIC = NO;
				GCC_NO_COMMON_BLOCKS = YES;
				GCC_OPTIMIZATION_LEVEL = 0;
				GCC_PREPROCESSOR_DEFINITIONS = (
					"$(inherited)",
					"DEBUG=1",
				);
				GCC_WARN_64_TO_32_BIT_CONVERSION = YES;
				GCC_WARN_ABOUT_RETURN_TYPE = YES_ERROR;
				GCC_WARN_UNDECLARED_SELECTOR = YES;
				GCC_WARN_UNINITIALIZED_AUTOS = YES_AGGRESSIVE;
				GCC_WARN_UNUSED_FUNCTION = YES;
				GCC_WARN_UNUSED_VARIABLE = YES;
				IPHONEOS_DEPLOYMENT_TARGET = 17.0;
				MARKETING_VERSION = 1.0.0;
				MTL_ENABLE_DEBUG_INFO = INCLUDE_SOURCE;
				MTL_FAST_MATH = YES;
				ONLY_ACTIVE_ARCH = YES;
				PRODUCT_NAME = "$(TARGET_NAME)";
				SDKROOT = iphoneos;
				SWIFT_ACTIVE_COMPILATION_CONDITIONS = DEBUG;
				SWIFT_OPTIMIZATION_LEVEL = "-Onone";
				SWIFT_VERSION = 5.9;
			};
			name = Debug;
		};
		609BE33B82A430EBBFC62756 /* Release */ = {
			isa = XCBuildConfiguration;
			buildSettings = {
				ALWAYS_SEARCH_USER_PATHS = NO;
				CLANG_ANALYZER_NONNULL = YES;
				CLANG_ANALYZER_NUMBER_OBJECT_CONVERSION = YES_AGGRESSIVE;
				CLANG_CXX_LANGUAGE_STANDARD = "gnu++14";
				CLANG_CXX_LIBRARY = "libc++";
				CLANG_ENABLE_MODULES = YES;
				CLANG_ENABLE_OBJC_ARC = YES;
				CLANG_ENABLE_OBJC_WEAK = YES;
				CLANG_WARN_BLOCK_CAPTURE_AUTORELEASING = YES;
				CLANG_WARN_BOOL_CONVERSION = YES;
				CLANG_WARN_COMMA = YES;
				CLANG_WARN_CONSTANT_CONVERSION = YES;
				CLANG_WARN_DEPRECATED_OBJC_IMPLEMENTATIONS = YES;
				CLANG_WARN_DIRECT_OBJC_ISA_USAGE = YES_ERROR;
				CLANG_WARN_DOCUMENTATION_COMMENTS = YES;
				CLANG_WARN_EMPTY_BODY = YES;
				CLANG_WARN_ENUM_CONVERSION = YES;
				CLANG_WARN_INFINITE_RECURSION = YES;
				CLANG_WARN_INT_CONVERSION = YES;
				CLANG_WARN_NON_LITERAL_NULL_CONVERSION = YES;
				CLANG_WARN_OBJC_IMPLICIT_RETAIN_SELF = YES;
				CLANG_WARN_OBJC_LITERAL_CONVERSION = YES;
				CLANG_WARN_OBJC_ROOT_CLASS = YES_ERROR;
				CLANG_WARN_QUOTED_INCLUDE_IN_FRAMEWORK_HEADER = YES;
				CLANG_WARN_RANGE_LOOP_ANALYSIS = YES;
				CLANG_WARN_STRICT_PROTOTYPES = YES;
				CLANG_WARN_SUSPICIOUS_MOVE = YES;
				CLANG_WARN_UNGUARDED_AVAILABILITY = YES_AGGRESSIVE;
				CLANG_WARN_UNREACHABLE_CODE = YES;
				CLANG_WARN__DUPLICATE_METHOD_MATCH = YES;
				COPY_PHASE_STRIP = NO;
				CURRENT_PROJECT_VERSION = 1;
				DEBUG_INFORMATION_FORMAT = "dwarf-with-dsym";
				ENABLE_NS_ASSERTIONS = NO;
				ENABLE_STRICT_OBJC_MSGSEND = YES;
				GCC_C_LANGUAGE_STANDARD = gnu11;
				GCC_NO_COMMON_BLOCKS = YES;
				GCC_WARN_64_TO_32_BIT_CONVERSION = YES;
				GCC_WARN_ABOUT_RETURN_TYPE = YES_ERROR;
				GCC_WARN_UNDECLARED_SELECTOR = YES;
				GCC_WARN_UNINITIALIZED_AUTOS = YES_AGGRESSIVE;
				GCC_WARN_UNUSED_FUNCTION = YES;
				GCC_WARN_UNUSED_VARIABLE = YES;
				IPHONEOS_DEPLOYMENT_TARGET = 17.0;
				MARKETING_VERSION = 1.0.0;
				MTL_ENABLE_DEBUG_INFO = NO;
				MTL_FAST_MATH = YES;
				PRODUCT_NAME = "$(TARGET_NAME)";
				SDKROOT = iphoneos;
				SWIFT_COMPILATION_MODE = wholemodule;
				SWIFT_OPTIMIZATION_LEVEL = "-O";
				SWIFT_VERSION = 5.9;
			};
			name = Release;
		};
		7202B2A4C5F2609977E4C982 /* Debug */ = {
			isa = XCBuildConfiguration;
			buildSettings = {
				ASSETCATALOG_COMPILER_APPICON_NAME = AppIcon;
				CODE_SIGN_ENTITLEMENTS = YellMe.entitlements;
				CODE_SIGN_IDENTITY = "iPhone Developer";
				DEVELOPMENT_TEAM = "";
				INFOPLIST_FILE = Sources/Info.plist;
				IPHONEOS_DEPLOYMENT_TARGET = 17.0;
				LD_RUNPATH_SEARCH_PATHS = (
					"$(inherited)",
					"@executable_path/Frameworks",
				);
				PRODUCT_BUNDLE_IDENTIFIER = com.takahiro.YellMe;
				PRODUCT_NAME = YellMe;
				SDKROOT = iphoneos;
				TARGETED_DEVICE_FAMILY = "1,2";
			};
			name = Debug;
		};
		747256407E51BB8ACD044126 /* Release */ = {
			isa = XCBuildConfiguration;
			buildSettings = {
				ASSETCATALOG_COMPILER_APPICON_NAME = AppIcon;
				CODE_SIGN_ENTITLEMENTS = YellMe.entitlements;
				CODE_SIGN_IDENTITY = "iPhone Developer";
				DEVELOPMENT_TEAM = "";
				INFOPLIST_FILE = Sources/Info.plist;
				IPHONEOS_DEPLOYMENT_TARGET = 17.0;
				LD_RUNPATH_SEARCH_PATHS = (
					"$(inherited)",
					"@executable_path/Frameworks",
				);
				PRODUCT_BUNDLE_IDENTIFIER = com.takahiro.YellMe;
				PRODUCT_NAME = YellMe;
				SDKROOT = iphoneos;
				TARGETED_DEVICE_FAMILY = "1,2";
			};
			name = Release;
		};
		A3806DB1DB456AC73D0A72FD /* Release */ = {
			isa = XCBuildConfiguration;
			buildSettings = {
				BUNDLE_LOADER = "$(TEST_HOST)";
				LD_RUNPATH_SEARCH_PATHS = (
					"$(inherited)",
					"@executable_path/Frameworks",
					"@loader_path/Frameworks",
				);
				PRODUCT_BUNDLE_IDENTIFIER = com.takahiro.YellMeTests;
				SDKROOT = iphoneos;
				TARGETED_DEVICE_FAMILY = "1,2";
				TEST_HOST = "$(BUILT_PRODUCTS_DIR)/YellMe.app/YellMe";
			};
			name = Release;
		};
		EC92620B7911DFBD461D5649 /* Debug */ = {
			isa = XCBuildConfiguration;
			buildSettings = {
				BUNDLE_LOADER = "$(TEST_HOST)";
				LD_RUNPATH_SEARCH_PATHS = (
					"$(inherited)",
					"@executable_path/Frameworks",
					"@loader_path/Frameworks",
				);
				PRODUCT_BUNDLE_IDENTIFIER = com.takahiro.YellMeTests;
				SDKROOT = iphoneos;
				TARGETED_DEVICE_FAMILY = "1,2";
				TEST_HOST = "$(BUILT_PRODUCTS_DIR)/YellMe.app/YellMe";
			};
			name = Debug;
		};
/* End XCBuildConfiguration section */

/* Begin XCConfigurationList section */
		0971B923D3FBE097E75E1F22 /* Build configuration list for PBXNativeTarget "YellMeTests" */ = {
			isa = XCConfigurationList;
			buildConfigurations = (
				EC92620B7911DFBD461D5649 /* Debug */,
				A3806DB1DB456AC73D0A72FD /* Release */,
			);
			defaultConfigurationIsVisible = 0;
			defaultConfigurationName = Debug;
		};
		E099426A137ACAB0F5DFBD5A /* Build configuration list for PBXNativeTarget "YellMe" */ = {
			isa = XCConfigurationList;
			buildConfigurations = (
				7202B2A4C5F2609977E4C982 /* Debug */,
				747256407E51BB8ACD044126 /* Release */,
			);
			defaultConfigurationIsVisible = 0;
			defaultConfigurationName = Debug;
		};
		E22BF5273FA8EAE2F06374F5 /* Build configuration list for PBXProject "YellMe" */ = {
			isa = XCConfigurationList;
			buildConfigurations = (
				26D4F750AF71E33C56F1FDC1 /* Debug */,
				609BE33B82A430EBBFC62756 /* Release */,
			);
			defaultConfigurationIsVisible = 0;
			defaultConfigurationName = Debug;
		};
/* End XCConfigurationList section */

/* Begin XCRemoteSwiftPackageReference section */
		849504D787F7163FC9C46AED /* XCRemoteSwiftPackageReference "firebase-ios-sdk" */ = {
			isa = XCRemoteSwiftPackageReference;
			repositoryURL = "https://github.com/firebase/firebase-ios-sdk";
			requirement = {
				kind = upToNextMajorVersion;
				minimumVersion = 11.0.0;
			};
		};
/* End XCRemoteSwiftPackageReference section */

/* Begin XCSwiftPackageProductDependency section */
		3E5504765B575A14351AE5DF /* FirebaseAuth */ = {
			isa = XCSwiftPackageProductDependency;
			package = 849504D787F7163FC9C46AED /* XCRemoteSwiftPackageReference "firebase-ios-sdk" */;
			productName = FirebaseAuth;
		};
		DA51F78CDA223F442310C97E /* FirebaseFirestore */ = {
			isa = XCSwiftPackageProductDependency;
			package = 849504D787F7163FC9C46AED /* XCRemoteSwiftPackageReference "firebase-ios-sdk" */;
			productName = FirebaseFirestore;
		};
/* End XCSwiftPackageProductDependency section */
	};
	rootObject = 623220ED5CA0BC3FB59588E7 /* Project object */;
}
